
Microsoft Visual Studio Solution File, Format Version 12.00
# Visual Studio 15
VisualStudioVersion = 15.0.27703.2035
MinimumVisualStudioVersion = 10.0.40219.1
Project("{FAE04EC0-301F-11D3-BF4B-00C04F79EFBC}") = "ActionFilters", "ActionFilters\ActionFilters.csproj", "{BF7AB924-0C90-4781-B8E5-F0C94A6992E5}"
EndProject
Global
	GlobalSection(SolutionConfigurationPlatforms) = preSolution
		Debug|Any CPU = Debug|Any CPU
		Release|Any CPU = Release|Any CPU
	EndGlobalSection
	GlobalSection(ProjectConfigurationPlatforms) = postSolution
		{BF7AB924-0C90-4781-B8E5-F0C94A6992E5}.Debug|Any CPU.ActiveCfg = Debug|Any CPU
		{BF7AB924-0C90-4781-B8E5-F0C94A6992E5}.Debug|Any CPU.Build.0 = Debug|Any CPU
		{BF7AB924-0C90-4781-B8E5-F0C94A6992E5}.Release|Any CPU.ActiveCfg = Release|Any CPU
		{BF7AB924-0C90-4781-B8E5-F0C94A6992E5}.Release|Any CPU.Build.0 = Release|Any CPU
	EndGlobalSection
	GlobalSection(SolutionProperties) = preSolution
		HideSolutionNode = FALSE
	EndGlobalSection
	GlobalSection(ExtensibilityGlobals) = postSolution
		SolutionGuid = {B9F5FD6A-CF6D-4391-9C42-9A9DD579DC3D}
	EndGlobalSection
EndGlobal
